// !$*UTF8*$!
{
	archiveVersion = 1;
	classes = {
	};
	objectVersion = 46;
	objects = {

/* Begin PBXBuildFile section */
		C13046CA171F668B0033892A /* UIKit.framework in Frameworks */ = {isa = PBXBuildFile; fileRef = C13046C9171F668B0033892A /* UIKit.framework */; };
		C13046CC171F668B0033892A /* Foundation.framework in Frameworks */ = {isa = PBXBuildFile; fileRef = C13046CB171F668B0033892A /* Foundation.framework */; };
		C13046CE171F668B0033892A /* CoreGraphics.framework in Frameworks */ = {isa = PBXBuildFile; fileRef = C13046CD171F668B0033892A /* CoreGraphics.framework */; };
		C13046D4171F668B0033892A /* InfoPlist.strings in Resources */ = {isa = PBXBuildFile; fileRef = C13046D2171F668B0033892A /* InfoPlist.strings */; };
		C13046D6171F668B0033892A /* main.m in Sources */ = {isa = PBXBuildFile; fileRef = C13046D5171F668B0033892A /* main.m */; };
		C13046DA171F668B0033892A /* AppDelegate.m in Sources */ = {isa = PBXBuildFile; fileRef = C13046D9171F668B0033892A /* AppDelegate.m */; };
		C13046DC171F668B0033892A /* Default.png in Resources */ = {isa = PBXBuildFile; fileRef = C13046DB171F668B0033892A /* Default.png */; };
		C13046DE171F668B0033892A /* Default@2x.png in Resources */ = {isa = PBXBuildFile; fileRef = C13046DD171F668B0033892A /* Default@2x.png */; };
		C13046E0171F668B0033892A /* Default-568h@2x.png in Resources */ = {isa = PBXBuildFile; fileRef = C13046DF171F668B0033892A /* Default-568h@2x.png */; };
		C13046E3171F668B0033892A /* MainStoryboard_iPhone.storyboard in Resources */ = {isa = PBXBuildFile; fileRef = C13046E1171F668B0033892A /* MainStoryboard_iPhone.storyboard */; };
		C13046E6171F668B0033892A /* MainStoryboard_iPad.storyboard in Resources */ = {isa = PBXBuildFile; fileRef = C13046E4171F668B0033892A /* MainStoryboard_iPad.storyboard */; };
		C13046E9171F668B0033892A /* ProfileViewController.m in Sources */ = {isa = PBXBuildFile; fileRef = C13046E8171F668B0033892A /* ProfileViewController.m */; };
		C13046F1171F66ED0033892A /* Student.m in Sources */ = {isa = PBXBuildFile; fileRef = C13046F0171F66ED0033892A /* Student.m */; };
		C13046F7171F78200033892A /* StudentsCell.m in Sources */ = {isa = PBXBuildFile; fileRef = C13046F6171F78200033892A /* StudentsCell.m */; };
		C13046FA171F7A6A0033892A /* StudentsViewController.m in Sources */ = {isa = PBXBuildFile; fileRef = C13046F9171F7A6A0033892A /* StudentsViewController.m */; };
		C13046FD171F8A760033892A /* MappingProvider.m in Sources */ = {isa = PBXBuildFile; fileRef = C13046FC171F8A760033892A /* MappingProvider.m */; };
		C13046FF171FABBA0033892A /* ironman3.jpeg in Resources */ = {isa = PBXBuildFile; fileRef = C13046FE171FABB90033892A /* ironman3.jpeg */; };
		C16B3AE81720878700F55133 /* trollFace.png in Resources */ = {isa = PBXBuildFile; fileRef = C16B3AE71720878700F55133 /* trollFace.png */; };
		CDC418D7903545A5B75AB583 /* libPods.a in Frameworks */ = {isa = PBXBuildFile; fileRef = DC2369D759B6455299244057 /* libPods.a */; };
/* End PBXBuildFile section */

/* Begin PBXFileReference section */
		AF2E3DFE5F624333B81D08E1 /* Pods.xcconfig */ = {isa = PBXFileReference; includeInIndex = 1; lastKnownFileType = text.xcconfig; name = Pods.xcconfig; path = Pods/Pods.xcconfig; sourceTree = SOURCE_ROOT; };
		C13046C6171F668B0033892A /* ProvidenceScanner.app */ = {isa = PBXFileReference; explicitFileType = wrapper.application; includeInIndex = 0; path = ProvidenceScanner.app; sourceTree = BUILT_PRODUCTS_DIR; };
		C13046C9171F668B0033892A /* UIKit.framework */ = {isa = PBXFileReference; lastKnownFileType = wrapper.framework; name = UIKit.framework; path = System/Library/Frameworks/UIKit.framework; sourceTree = SDKROOT; };
		C13046CB171F668B0033892A /* Foundation.framework */ = {isa = PBXFileReference; lastKnownFileType = wrapper.framework; name = Foundation.framework; path = System/Library/Frameworks/Foundation.framework; sourceTree = SDKROOT; };
		C13046CD171F668B0033892A /* CoreGraphics.framework */ = {isa = PBXFileReference; lastKnownFileType = wrapper.framework; name = CoreGraphics.framework; path = System/Library/Frameworks/CoreGraphics.framework; sourceTree = SDKROOT; };
		C13046D1171F668B0033892A /* ProvidenceScanner-Info.plist */ = {isa = PBXFileReference; lastKnownFileType = text.plist.xml; path = "ProvidenceScanner-Info.plist"; sourceTree = "<group>"; };
		C13046D3171F668B0033892A /* en */ = {isa = PBXFileReference; lastKnownFileType = text.plist.strings; name = en; path = en.lproj/InfoPlist.strings; sourceTree = "<group>"; };
		C13046D5171F668B0033892A /* main.m */ = {isa = PBXFileReference; lastKnownFileType = sourcecode.c.objc; path = main.m; sourceTree = "<group>"; };
		C13046D7171F668B0033892A /* ProvidenceScanner-Prefix.pch */ = {isa = PBXFileReference; lastKnownFileType = sourcecode.c.h; path = "ProvidenceScanner-Prefix.pch"; sourceTree = "<group>"; };
		C13046D8171F668B0033892A /* AppDelegate.h */ = {isa = PBXFileReference; lastKnownFileType = sourcecode.c.h; path = AppDelegate.h; sourceTree = "<group>"; };
		C13046D9171F668B0033892A /* AppDelegate.m */ = {isa = PBXFileReference; lastKnownFileType = sourcecode.c.objc; path = AppDelegate.m; sourceTree = "<group>"; };
		C13046DB171F668B0033892A /* Default.png */ = {isa = PBXFileReference; lastKnownFileType = image.png; path = Default.png; sourceTree = "<group>"; };
		C13046DD171F668B0033892A /* Default@2x.png */ = {isa = PBXFileReference; lastKnownFileType = image.png; path = "Default@2x.png"; sourceTree = "<group>"; };
		C13046DF171F668B0033892A /* Default-568h@2x.png */ = {isa = PBXFileReference; lastKnownFileType = image.png; path = "Default-568h@2x.png"; sourceTree = "<group>"; };
		C13046E2171F668B0033892A /* en */ = {isa = PBXFileReference; lastKnownFileType = file.storyboard; name = en; path = en.lproj/MainStoryboard_iPhone.storyboard; sourceTree = "<group>"; };
		C13046E5171F668B0033892A /* en */ = {isa = PBXFileReference; lastKnownFileType = file.storyboard; name = en; path = en.lproj/MainStoryboard_iPad.storyboard; sourceTree = "<group>"; };
		C13046E7171F668B0033892A /* ProfileViewController.h */ = {isa = PBXFileReference; lastKnownFileType = sourcecode.c.h; path = ProfileViewController.h; sourceTree = "<group>"; };
		C13046E8171F668B0033892A /* ProfileViewController.m */ = {isa = PBXFileReference; lastKnownFileType = sourcecode.c.objc; path = ProfileViewController.m; sourceTree = "<group>"; };
		C13046EF171F66ED0033892A /* Student.h */ = {isa = PBXFileReference; fileEncoding = 4; lastKnownFileType = sourcecode.c.h; path = Student.h; sourceTree = "<group>"; };
		C13046F0171F66ED0033892A /* Student.m */ = {isa = PBXFileReference; fileEncoding = 4; lastKnownFileType = sourcecode.c.objc; path = Student.m; sourceTree = "<group>"; };
		C13046F5171F78200033892A /* StudentsCell.h */ = {isa = PBXFileReference; fileEncoding = 4; lastKnownFileType = sourcecode.c.h; path = StudentsCell.h; sourceTree = "<group>"; };
		C13046F6171F78200033892A /* StudentsCell.m */ = {isa = PBXFileReference; fileEncoding = 4; lastKnownFileType = sourcecode.c.objc; path = StudentsCell.m; sourceTree = "<group>"; };
		C13046F8171F7A6A0033892A /* StudentsViewController.h */ = {isa = PBXFileReference; fileEncoding = 4; lastKnownFileType = sourcecode.c.h; path = StudentsViewController.h; sourceTree = "<group>"; };
		C13046F9171F7A6A0033892A /* StudentsViewController.m */ = {isa = PBXFileReference; fileEncoding = 4; lastKnownFileType = sourcecode.c.objc; path = StudentsViewController.m; sourceTree = "<group>"; };
		C13046FB171F8A760033892A /* MappingProvider.h */ = {isa = PBXFileReference; fileEncoding = 4; lastKnownFileType = sourcecode.c.h; path = MappingProvider.h; sourceTree = "<group>"; };
		C13046FC171F8A760033892A /* MappingProvider.m */ = {isa = PBXFileReference; fileEncoding = 4; lastKnownFileType = sourcecode.c.objc; path = MappingProvider.m; sourceTree = "<group>"; };
		C13046FE171FABB90033892A /* ironman3.jpeg */ = {isa = PBXFileReference; lastKnownFileType = image.jpeg; path = ironman3.jpeg; sourceTree = "<group>"; };
		C16B3AE71720878700F55133 /* trollFace.png */ = {isa = PBXFileReference; lastKnownFileType = image.png; path = trollFace.png; sourceTree = "<group>"; };
		DC2369D759B6455299244057 /* libPods.a */ = {isa = PBXFileReference; explicitFileType = archive.ar; includeInIndex = 0; path = libPods.a; sourceTree = BUILT_PRODUCTS_DIR; };
/* End PBXFileReference section */

/* Begin PBXFrameworksBuildPhase section */
		C13046C3171F668B0033892A /* Frameworks */ = {
			isa = PBXFrameworksBuildPhase;
			buildActionMask = 2147483647;
			files = (
				C13046CA171F668B0033892A /* UIKit.framework in Frameworks */,
				C13046CC171F668B0033892A /* Foundation.framework in Frameworks */,
				C13046CE171F668B0033892A /* CoreGraphics.framework in Frameworks */,
				CDC418D7903545A5B75AB583 /* libPods.a in Frameworks */,
			);
			runOnlyForDeploymentPostprocessing = 0;
		};
/* End PBXFrameworksBuildPhase section */

/* Begin PBXGroup section */
		C13046BD171F668B0033892A = {
			isa = PBXGroup;
			children = (
				C13046CF171F668B0033892A /* ProvidenceScanner */,
				C13046C8171F668B0033892A /* Frameworks */,
				C13046C7171F668B0033892A /* Products */,
				AF2E3DFE5F624333B81D08E1 /* Pods.xcconfig */,
			);
			sourceTree = "<group>";
		};
		C13046C7171F668B0033892A /* Products */ = {
			isa = PBXGroup;
			children = (
				C13046C6171F668B0033892A /* ProvidenceScanner.app */,
			);
			name = Products;
			sourceTree = "<group>";
		};
		C13046C8171F668B0033892A /* Frameworks */ = {
			isa = PBXGroup;
			children = (
				C13046C9171F668B0033892A /* UIKit.framework */,
				C13046CB171F668B0033892A /* Foundation.framework */,
				C13046CD171F668B0033892A /* CoreGraphics.framework */,
				DC2369D759B6455299244057 /* libPods.a */,
			);
			name = Frameworks;
			sourceTree = "<group>";
		};
		C13046CF171F668B0033892A /* ProvidenceScanner */ = {
			isa = PBXGroup;
			children = (
				C13046D8171F668B0033892A /* AppDelegate.h */,
				C13046D9171F668B0033892A /* AppDelegate.m */,
				C13046FB171F8A760033892A /* MappingProvider.h */,
				C13046FC171F8A760033892A /* MappingProvider.m */,
				C13046E1171F668B0033892A /* MainStoryboard_iPhone.storyboard */,
				C13046E4171F668B0033892A /* MainStoryboard_iPad.storyboard */,
				C13046F4171F77FD0033892A /* Views */,
				C13046F3171F77DD0033892A /* Models */,
				C13046F2171F77D40033892A /* Controllers */,
				C13046D0171F668B0033892A /* Supporting Files */,
			);
			path = ProvidenceScanner;
			sourceTree = "<group>";
		};
		C13046D0171F668B0033892A /* Supporting Files */ = {
			isa = PBXGroup;
			children = (
				C13046FE171FABB90033892A /* ironman3.jpeg */,
				C13046D1171F668B0033892A /* ProvidenceScanner-Info.plist */,
				C13046D2171F668B0033892A /* InfoPlist.strings */,
				C13046D5171F668B0033892A /* main.m */,
				C13046D7171F668B0033892A /* ProvidenceScanner-Prefix.pch */,
				C16B3AE71720878700F55133 /* trollFace.png */,
				C13046DB171F668B0033892A /* Default.png */,
				C13046DD171F668B0033892A /* Default@2x.png */,
				C13046DF171F668B0033892A /* Default-568h@2x.png */,
			);
			name = "Supporting Files";
			sourceTree = "<group>";
		};
		C13046F2171F77D40033892A /* Controllers */ = {
			isa = PBXGroup;
			children = (
				C13046F8171F7A6A0033892A /* StudentsViewController.h */,
				C13046F9171F7A6A0033892A /* StudentsViewController.m */,
				C13046E7171F668B0033892A /* ProfileViewController.h */,
				C13046E8171F668B0033892A /* ProfileViewController.m */,
			);
			name = Controllers;
			sourceTree = "<group>";
		};
		C13046F3171F77DD0033892A /* Models */ = {
			isa = PBXGroup;
			children = (
				C13046EF171F66ED0033892A /* Student.h */,
				C13046F0171F66ED0033892A /* Student.m */,
			);
			name = Models;
			sourceTree = "<group>";
		};
		C13046F4171F77FD0033892A /* Views */ = {
			isa = PBXGroup;
			children = (
				C13046F5171F78200033892A /* StudentsCell.h */,
				C13046F6171F78200033892A /* StudentsCell.m */,
			);
			name = Views;
			sourceTree = "<group>";
		};
/* End PBXGroup section */

/* Begin PBXNativeTarget section */
		C13046C5171F668B0033892A /* ProvidenceScanner */ = {
			isa = PBXNativeTarget;
			buildConfigurationList = C13046EC171F668B0033892A /* Build configuration list for PBXNativeTarget "ProvidenceScanner" */;
			buildPhases = (
				194BA91E15804905B9AB5B14 /* Check Pods Manifest.lock */,
				C13046C2171F668B0033892A /* Sources */,
				C13046C3171F668B0033892A /* Frameworks */,
				C13046C4171F668B0033892A /* Resources */,
				487B9BCFAFEE4A8CBA7B53D4 /* Copy Pods Resources */,
			);
			buildRules = (
			);
			dependencies = (
			);
			name = ProvidenceScanner;
			productName = ProvidenceScanner;
			productReference = C13046C6171F668B0033892A /* ProvidenceScanner.app */;
			productType = "com.apple.product-type.application";
		};
/* End PBXNativeTarget section */

/* Begin PBXProject section */
		C13046BE171F668B0033892A /* Project object */ = {
			isa = PBXProject;
			attributes = {
				LastUpgradeCheck = 0460;
				ORGANIZATIONNAME = "Gregory Lee";
			};
			buildConfigurationList = C13046C1171F668B0033892A /* Build configuration list for PBXProject "ProvidenceScanner" */;
			compatibilityVersion = "Xcode 3.2";
			developmentRegion = English;
			hasScannedForEncodings = 0;
			knownRegions = (
				en,
			);
			mainGroup = C13046BD171F668B0033892A;
			productRefGroup = C13046C7171F668B0033892A /* Products */;
			projectDirPath = "";
			projectRoot = "";
			targets = (
				C13046C5171F668B0033892A /* ProvidenceScanner */,
			);
		};
/* End PBXProject section */

/* Begin PBXResourcesBuildPhase section */
		C13046C4171F668B0033892A /* Resources */ = {
			isa = PBXResourcesBuildPhase;
			buildActionMask = 2147483647;
			files = (
				C13046D4171F668B0033892A /* InfoPlist.strings in Resources */,
				C13046DC171F668B0033892A /* Default.png in Resources */,
				C13046DE171F668B0033892A /* Default@2x.png in Resources */,
				C13046E0171F668B0033892A /* Default-568h@2x.png in Resources */,
				C13046E3171F668B0033892A /* MainStoryboard_iPhone.storyboard in Resources */,
				C13046E6171F668B0033892A /* MainStoryboard_iPad.storyboard in Resources */,
				C13046FF171FABBA0033892A /* ironman3.jpeg in Resources */,
				C16B3AE81720878700F55133 /* trollFace.png in Resources */,
			);
			runOnlyForDeploymentPostprocessing = 0;
		};
/* End PBXResourcesBuildPhase section */

/* Begin PBXShellScriptBuildPhase section */
		194BA91E15804905B9AB5B14 /* Check Pods Manifest.lock */ = {
			isa = PBXShellScriptBuildPhase;
			buildActionMask = 2147483647;
			files = (
			);
			inputPaths = (
			);
			name = "Check Pods Manifest.lock";
			outputPaths = (
			);
			runOnlyForDeploymentPostprocessing = 0;
			shellPath = /bin/sh;
			shellScript = "diff \"${PODS_ROOT}/../Podfile.lock\" \"${PODS_ROOT}/Manifest.lock\" > /dev/null\nif [[ $? != 0 ]] ; then\n    cat << EOM\nerror: The sanbox is not in sync with the Podfile.lock. Run 'pod install'.\nEOM\n    exit 1\nfi\n";
		};
		487B9BCFAFEE4A8CBA7B53D4 /* Copy Pods Resources */ = {
			isa = PBXShellScriptBuildPhase;
			buildActionMask = 2147483647;
			files = (
			);
			inputPaths = (
			);
			name = "Copy Pods Resources";
			outputPaths = (
			);
			runOnlyForDeploymentPostprocessing = 0;
			shellPath = /bin/sh;
			shellScript = "\"${SRCROOT}/Pods/Pods-resources.sh\"\n";
		};
/* End PBXShellScriptBuildPhase section */

/* Begin PBXSourcesBuildPhase section */
		C13046C2171F668B0033892A /* Sources */ = {
			isa = PBXSourcesBuildPhase;
			buildActionMask = 2147483647;
			files = (
				C13046D6171F668B0033892A /* main.m in Sources */,
				C13046DA171F668B0033892A /* AppDelegate.m in Sources */,
				C13046E9171F668B0033892A /* ProfileViewController.m in Sources */,
				C13046F1171F66ED0033892A /* Student.m in Sources */,
				C13046F7171F78200033892A /* StudentsCell.m in Sources */,
				C13046FA171F7A6A0033892A /* StudentsViewController.m in Sources */,
				C13046FD171F8A760033892A /* MappingProvider.m in Sources */,
			);
			runOnlyForDeploymentPostprocessing = 0;
		};
/* End PBXSourcesBuildPhase section */

/* Begin PBXVariantGroup section */
		C13046D2171F668B0033892A /* InfoPlist.strings */ = {
			isa = PBXVariantGroup;
			children = (
				C13046D3171F668B0033892A /* en */,
			);
			name = InfoPlist.strings;
			sourceTree = "<group>";
		};
		C13046E1171F668B0033892A /* MainStoryboard_iPhone.storyboard */ = {
			isa = PBXVariantGroup;
			children = (
				C13046E2171F668B0033892A /* en */,
			);
			name = MainStoryboard_iPhone.storyboard;
			sourceTree = "<group>";
		};
		C13046E4171F668B0033892A /* MainStoryboard_iPad.storyboard */ = {
			isa = PBXVariantGroup;
			children = (
				C13046E5171F668B0033892A /* en */,
			);
			name = MainStoryboard_iPad.storyboard;
			sourceTree = "<group>";
		};
/* End PBXVariantGroup section */

/* Begin XCBuildConfiguration section */
		C13046EA171F668B0033892A /* Debug */ = {
			isa = XCBuildConfiguration;
			buildSettings = {
				ALWAYS_SEARCH_USER_PATHS = NO;
				CLANG_CXX_LANGUAGE_STANDARD = "gnu++0x";
				CLANG_CXX_LIBRARY = "libc++";
				CLANG_ENABLE_OBJC_ARC = YES;
				CLANG_WARN_CONSTANT_CONVERSION = YES;
				CLANG_WARN_EMPTY_BODY = YES;
				CLANG_WARN_ENUM_CONVERSION = YES;
				CLANG_WARN_INT_CONVERSION = YES;
				CLANG_WARN__DUPLICATE_METHOD_MATCH = YES;
				"CODE_SIGN_IDENTITY[sdk=iphoneos*]" = "iPhone Developer";
				COPY_PHASE_STRIP = NO;
				GCC_C_LANGUAGE_STANDARD = gnu99;
				GCC_DYNAMIC_NO_PIC = NO;
				GCC_OPTIMIZATION_LEVEL = 0;
				GCC_PREPROCESSOR_DEFINITIONS = (
					"DEBUG=1",
					"$(inherited)",
				);
				GCC_SYMBOLS_PRIVATE_EXTERN = NO;
				GCC_WARN_ABOUT_RETURN_TYPE = YES;
				GCC_WARN_UNINITIALIZED_AUTOS = YES;
				GCC_WARN_UNUSED_VARIABLE = YES;
				IPHONEOS_DEPLOYMENT_TARGET = 6.1;
				ONLY_ACTIVE_ARCH = YES;
				SDKROOT = iphoneos;
				TARGETED_DEVICE_FAMILY = "1,2";
			};
			name = Debug;
		};
		C13046EB171F668B0033892A /* Release */ = {
			isa = XCBuildConfiguration;
			buildSettings = {
				ALWAYS_SEARCH_USER_PATHS = NO;
				CLANG_CXX_LANGUAGE_STANDARD = "gnu++0x";
				CLANG_CXX_LIBRARY = "libc++";
				CLANG_ENABLE_OBJC_ARC = YES;
				CLANG_WARN_CONSTANT_CONVERSION = YES;
				CLANG_WARN_EMPTY_BODY = YES;
				CLANG_WARN_ENUM_CONVERSION = YES;
				CLANG_WARN_INT_CONVERSION = YES;
				CLANG_WARN__DUPLICATE_METHOD_MATCH = YES;
				"CODE_SIGN_IDENTITY[sdk=iphoneos*]" = "iPhone Developer";
				COPY_PHASE_STRIP = YES;
				GCC_C_LANGUAGE_STANDARD = gnu99;
				GCC_WARN_ABOUT_RETURN_TYPE = YES;
				GCC_WARN_UNINITIALIZED_AUTOS = YES;
				GCC_WARN_UNUSED_VARIABLE = YES;
				IPHONEOS_DEPLOYMENT_TARGET = 6.1;
				OTHER_CFLAGS = "-DNS_BLOCK_ASSERTIONS=1";
				SDKROOT = iphoneos;
				TARGETED_DEVICE_FAMILY = "1,2";
				VALIDATE_PRODUCT = YES;
			};
			name = Release;
		};
		C13046ED171F668B0033892A /* Debug */ = {
			isa = XCBuildConfiguration;
			baseConfigurationReference = AF2E3DFE5F624333B81D08E1 /* Pods.xcconfig */;
			buildSettings = {
				GCC_PRECOMPILE_PREFIX_HEADER = YES;
				GCC_PREFIX_HEADER = "ProvidenceScanner/ProvidenceScanner-Prefix.pch";
				INFOPLIST_FILE = "ProvidenceScanner/ProvidenceScanner-Info.plist";
				PRODUCT_NAME = "$(TARGET_NAME)";
				WRAPPER_EXTENSION = app;
			};
			name = Debug;
		};
		C13046EE171F668B0033892A /* Release */ = {
			isa = XCBuildConfiguration;
			baseConfigurationReference = AF2E3DFE5F624333B81D08E1 /* Pods.xcconfig */;
			buildSettings = {
				GCC_PRECOMPILE_PREFIX_HEADER = YES;
				GCC_PREFIX_HEADER = "ProvidenceScanner/ProvidenceScanner-Prefix.pch";
				INFOPLIST_FILE = "ProvidenceScanner/ProvidenceScanner-Info.plist";
				PRODUCT_NAME = "$(TARGET_NAME)";
				WRAPPER_EXTENSION = app;
			};
			name = Release;
		};
/* End XCBuildConfiguration section */

/* Begin XCConfigurationList section */
		C13046C1171F668B0033892A /* Build configuration list for PBXProject "ProvidenceScanner" */ = {
			isa = XCConfigurationList;
			buildConfigurations = (
				C13046EA171F668B0033892A /* Debug */,
				C13046EB171F668B0033892A /* Release */,
			);
			defaultConfigurationIsVisible = 0;
			defaultConfigurationName = Release;
		};
		C13046EC171F668B0033892A /* Build configuration list for PBXNativeTarget "ProvidenceScanner" */ = {
			isa = XCConfigurationList;
			buildConfigurations = (
				C13046ED171F668B0033892A /* Debug */,
				C13046EE171F668B0033892A /* Release */,
			);
			defaultConfigurationIsVisible = 0;
			defaultConfigurationName = Release;
		};
/* End XCConfigurationList section */
	};
	rootObject = C13046BE171F668B0033892A /* Project object */;
}
